PODS:
  - ApiAI (0.7.2):
    - ApiAI/AudioFileConverter (= 0.7.2)
    - ApiAI/Core (= 0.7.2)
    - ApiAI/Events (= 0.7.2)
    - ApiAI/ResponseMapping (= 0.7.2)
    - ApiAI/UIKit (= 0.7.2)
    - ApiAI/UserEntities (= 0.7.2)
    - ApiAI/VoiceFileRequest (= 0.7.2)
    - ApiAI/VoiceRequest (= 0.7.2)
  - ApiAI/AudioFileConverter (0.7.2):
    - ApiAI/Core
  - ApiAI/Core (0.7.2)
  - ApiAI/Events (0.7.2):
    - ApiAI/Core
  - ApiAI/ResponseMapping (0.7.2):
    - ApiAI/Core
  - ApiAI/UIKit (0.7.2):
    - ApiAI/Core
    - ApiAI/VoiceRequest
  - ApiAI/UserEntities (0.7.2):
    - ApiAI/Core
  - ApiAI/VoiceFileRequest (0.7.2):
    - ApiAI/Core
  - ApiAI/VoiceRequest (0.7.2):
    - ApiAI/Core
  - InstantSearchClient (5.1.8)
  - Nuke (7.0.1)

DEPENDENCIES:
  - ApiAI
  - InstantSearchClient
  - Nuke

SPEC REPOS:
  https://github.com/cocoapods/specs.git:
    - ApiAI
    - InstantSearchClient
    - Nuke

SPEC CHECKSUMS:
  ApiAI: d4b49d3736f33ce6f3ef66dc33c0e0fccb23579e
  InstantSearchClient: d9d84fe2e51b33d5584541944375785d40fd3f3f
  Nuke: 0944b2e721c8f21857028d980dc3d6a249df8b3e

PODFILE CHECKSUM: 1e81e24d1903ed104645c121aeae1e9a8c87280d

COCOAPODS: 1.5.2
