// !$*UTF8*$!
{
	archiveVersion = 1;
	classes = {
	};
	objectVersion = 50;
	objects = {

/* Begin PBXBuildFile section */
		1D4531E920B5C04D00B26CF9 /* AppDelegate.swift in Sources */ = {isa = PBXBuildFile; fileRef = 1D4531E820B5C04D00B26CF9 /* AppDelegate.swift */; };
		1D4531F020B5C04F00B26CF9 /* Assets.xcassets in Resources */ = {isa = PBXBuildFile; fileRef = 1D4531EF20B5C04F00B26CF9 /* Assets.xcassets */; };
		1D4531FE20B5C1B900B26CF9 /* SearchViewController.swift in Sources */ = {isa = PBXBuildFile; fileRef = 1D4531FC20B5C1B900B26CF9 /* SearchViewController.swift */; };
		1D4531FF20B5C1B900B26CF9 /* SearchViewController.xib in Resources */ = {isa = PBXBuildFile; fileRef = 1D4531FD20B5C1B900B26CF9 /* SearchViewController.xib */; };
		1D4DB50720B5C66B00D0B41C /* RecordingButton.swift in Sources */ = {isa = PBXBuildFile; fileRef = 1D4DB50620B5C66B00D0B41C /* RecordingButton.swift */; };
		1D4DB50A20B5D59400D0B41C /* SpeechController.swift in Sources */ = {isa = PBXBuildFile; fileRef = 1D4DB50920B5D59400D0B41C /* SpeechController.swift */; };
		1DA3C63220B5E9D7000347DC /* ApiAI.framework in Frameworks */ = {isa = PBXBuildFile; fileRef = 1DA3C63120B5E9D7000347DC /* ApiAI.framework */; };
		1DA3C63520B5F83D000347DC /* SearchResults.swift in Sources */ = {isa = PBXBuildFile; fileRef = 1DA3C63420B5F83D000347DC /* SearchResults.swift */; };
		1DA3C63720B5F9C4000347DC /* JSONHelper.swift in Sources */ = {isa = PBXBuildFile; fileRef = 1DA3C63620B5F9C3000347DC /* JSONHelper.swift */; };
		1DA3C63A20B6A967000347DC /* SongCell.swift in Sources */ = {isa = PBXBuildFile; fileRef = 1DA3C63820B6A967000347DC /* SongCell.swift */; };
		1DA3C63B20B6A967000347DC /* SongCell.xib in Resources */ = {isa = PBXBuildFile; fileRef = 1DA3C63920B6A967000347DC /* SongCell.xib */; };
		6347A5A932C3DF3F3F12A8C0 /* Pods_Musicologist.framework in Frameworks */ = {isa = PBXBuildFile; fileRef = 518AE265EB46949CA8D4842C /* Pods_Musicologist.framework */; };
/* End PBXBuildFile section */

/* Begin PBXFileReference section */
		1D4531E520B5C04D00B26CF9 /* Musicologist.app */ = {isa = PBXFileReference; explicitFileType = wrapper.application; includeInIndex = 0; path = Musicologist.app; sourceTree = BUILT_PRODUCTS_DIR; };
		1D4531E820B5C04D00B26CF9 /* AppDelegate.swift */ = {isa = PBXFileReference; lastKnownFileType = sourcecode.swift; path = AppDelegate.swift; sourceTree = "<group>"; };
		1D4531EF20B5C04F00B26CF9 /* Assets.xcassets */ = {isa = PBXFileReference; lastKnownFileType = folder.assetcatalog; path = Assets.xcassets; sourceTree = "<group>"; };
		1D4531F420B5C04F00B26CF9 /* Info.plist */ = {isa = PBXFileReference; lastKnownFileType = text.plist.xml; path = Info.plist; sourceTree = "<group>"; };
		1D4531FC20B5C1B900B26CF9 /* SearchViewController.swift */ = {isa = PBXFileReference; lastKnownFileType = sourcecode.swift; path = SearchViewController.swift; sourceTree = "<group>"; };
		1D4531FD20B5C1B900B26CF9 /* SearchViewController.xib */ = {isa = PBXFileReference; lastKnownFileType = file.xib; path = SearchViewController.xib; sourceTree = "<group>"; };
		1D4DB50620B5C66B00D0B41C /* RecordingButton.swift */ = {isa = PBXFileReference; lastKnownFileType = sourcecode.swift; path = RecordingButton.swift; sourceTree = "<group>"; };
		1D4DB50920B5D59400D0B41C /* SpeechController.swift */ = {isa = PBXFileReference; fileEncoding = 4; lastKnownFileType = sourcecode.swift; path = SpeechController.swift; sourceTree = "<group>"; };
		1DA3C63120B5E9D7000347DC /* ApiAI.framework */ = {isa = PBXFileReference; explicitFileType = wrapper.framework; path = ApiAI.framework; sourceTree = BUILT_PRODUCTS_DIR; };
		1DA3C63420B5F83D000347DC /* SearchResults.swift */ = {isa = PBXFileReference; fileEncoding = 4; lastKnownFileType = sourcecode.swift; path = SearchResults.swift; sourceTree = "<group>"; };
		1DA3C63620B5F9C3000347DC /* JSONHelper.swift */ = {isa = PBXFileReference; fileEncoding = 4; lastKnownFileType = sourcecode.swift; path = JSONHelper.swift; sourceTree = "<group>"; };
		1DA3C63820B6A967000347DC /* SongCell.swift */ = {isa = PBXFileReference; lastKnownFileType = sourcecode.swift; path = SongCell.swift; sourceTree = "<group>"; };
		1DA3C63920B6A967000347DC /* SongCell.xib */ = {isa = PBXFileReference; lastKnownFileType = file.xib; path = SongCell.xib; sourceTree = "<group>"; };
		518AE265EB46949CA8D4842C /* Pods_Musicologist.framework */ = {isa = PBXFileReference; explicitFileType = wrapper.framework; includeInIndex = 0; path = Pods_Musicologist.framework; sourceTree = BUILT_PRODUCTS_DIR; };
		6D7F583B9467525AE0246E2F /* Pods-Musicologist.debug.xcconfig */ = {isa = PBXFileReference; includeInIndex = 1; lastKnownFileType = text.xcconfig; name = "Pods-Musicologist.debug.xcconfig"; path = "Pods/Target Support Files/Pods-Musicologist/Pods-Musicologist.debug.xcconfig"; sourceTree = "<group>"; };
		C788E5C1BCFA8BA16D04EB2D /* Pods-Musicologist.release.xcconfig */ = {isa = PBXFileReference; includeInIndex = 1; lastKnownFileType = text.xcconfig; name = "Pods-Musicologist.release.xcconfig"; path = "Pods/Target Support Files/Pods-Musicologist/Pods-Musicologist.release.xcconfig"; sourceTree = "<group>"; };
/* End PBXFileReference section */

/* Begin PBXFrameworksBuildPhase section */
		1D4531E220B5C04D00B26CF9 /* Frameworks */ = {
			isa = PBXFrameworksBuildPhase;
			buildActionMask = 2147483647;
			files = (
				1DA3C63220B5E9D7000347DC /* ApiAI.framework in Frameworks */,
				6347A5A932C3DF3F3F12A8C0 /* Pods_Musicologist.framework in Frameworks */,
			);
			runOnlyForDeploymentPostprocessing = 0;
		};
/* End PBXFrameworksBuildPhase section */

/* Begin PBXGroup section */
		1B2C73AB409CEAA316D22FBA /* Pods */ = {
			isa = PBXGroup;
			children = (
				6D7F583B9467525AE0246E2F /* Pods-Musicologist.debug.xcconfig */,
				C788E5C1BCFA8BA16D04EB2D /* Pods-Musicologist.release.xcconfig */,
			);
			name = Pods;
			sourceTree = "<group>";
		};
		1D4531DC20B5C04D00B26CF9 = {
			isa = PBXGroup;
			children = (
				1D4531E720B5C04D00B26CF9 /* Musicologist */,
				1D4531E620B5C04D00B26CF9 /* Products */,
				1B2C73AB409CEAA316D22FBA /* Pods */,
				94FE17BF3D4415E302ED222E /* Frameworks */,
			);
			sourceTree = "<group>";
		};
		1D4531E620B5C04D00B26CF9 /* Products */ = {
			isa = PBXGroup;
			children = (
				1D4531E520B5C04D00B26CF9 /* Musicologist.app */,
			);
			name = Products;
			sourceTree = "<group>";
		};
		1D4531E720B5C04D00B26CF9 /* Musicologist */ = {
			isa = PBXGroup;
			children = (
				1DA3C63320B5F832000347DC /* Algolia */,
				1D4DB50820B5D55200D0B41C /* Voice */,
				1D4DB50520B5C64C00D0B41C /* Views */,
				1D4531E820B5C04D00B26CF9 /* AppDelegate.swift */,
				1D4531FC20B5C1B900B26CF9 /* SearchViewController.swift */,
				1D4531FD20B5C1B900B26CF9 /* SearchViewController.xib */,
				1D4531EF20B5C04F00B26CF9 /* Assets.xcassets */,
				1D4531F420B5C04F00B26CF9 /* Info.plist */,
			);
			path = Musicologist;
			sourceTree = "<group>";
		};
		1D4DB50520B5C64C00D0B41C /* Views */ = {
			isa = PBXGroup;
			children = (
				1D4DB50620B5C66B00D0B41C /* RecordingButton.swift */,
				1DA3C63820B6A967000347DC /* SongCell.swift */,
				1DA3C63920B6A967000347DC /* SongCell.xib */,
			);
			path = Views;
			sourceTree = "<group>";
		};
		1D4DB50820B5D55200D0B41C /* Voice */ = {
			isa = PBXGroup;
			children = (
				1D4DB50920B5D59400D0B41C /* SpeechController.swift */,
			);
			path = Voice;
			sourceTree = "<group>";
		};
		1DA3C63320B5F832000347DC /* Algolia */ = {
			isa = PBXGroup;
			children = (
				1DA3C63620B5F9C3000347DC /* JSONHelper.swift */,
				1DA3C63420B5F83D000347DC /* SearchResults.swift */,
			);
			path = Algolia;
			sourceTree = "<group>";
		};
		94FE17BF3D4415E302ED222E /* Frameworks */ = {
			isa = PBXGroup;
			children = (
				1DA3C63120B5E9D7000347DC /* ApiAI.framework */,
				518AE265EB46949CA8D4842C /* Pods_Musicologist.framework */,
			);
			name = Frameworks;
			sourceTree = "<group>";
		};
/* End PBXGroup section */

/* Begin PBXNativeTarget section */
		1D4531E420B5C04D00B26CF9 /* Musicologist */ = {
			isa = PBXNativeTarget;
			buildConfigurationList = 1D4531F720B5C04F00B26CF9 /* Build configuration list for PBXNativeTarget "Musicologist" */;
			buildPhases = (
				80B86510F36481C5380AC188 /* [CP] Check Pods Manifest.lock */,
				1D4531E120B5C04D00B26CF9 /* Sources */,
				1D4531E220B5C04D00B26CF9 /* Frameworks */,
				1D4531E320B5C04D00B26CF9 /* Resources */,
				4CE98C323C9D2CE65B9BED94 /* [CP] Embed Pods Frameworks */,
			);
			buildRules = (
			);
			dependencies = (
			);
			name = Musicologist;
			productName = Musicologist;
			productReference = 1D4531E520B5C04D00B26CF9 /* Musicologist.app */;
			productType = "com.apple.product-type.application";
		};
/* End PBXNativeTarget section */

/* Begin PBXProject section */
		1D4531DD20B5C04D00B26CF9 /* Project object */ = {
			isa = PBXProject;
			attributes = {
				LastSwiftUpdateCheck = 0930;
				LastUpgradeCheck = 0930;
				ORGANIZATIONNAME = Algolia;
				TargetAttributes = {
					1D4531E420B5C04D00B26CF9 = {
						CreatedOnToolsVersion = 9.3;
					};
				};
			};
			buildConfigurationList = 1D4531E020B5C04D00B26CF9 /* Build configuration list for PBXProject "Musicologist" */;
			compatibilityVersion = "Xcode 9.3";
			developmentRegion = en;
			hasScannedForEncodings = 0;
			knownRegions = (
				en,
				Base,
			);
			mainGroup = 1D4531DC20B5C04D00B26CF9;
			productRefGroup = 1D4531E620B5C04D00B26CF9 /* Products */;
			projectDirPath = "";
			projectRoot = "";
			targets = (
				1D4531E420B5C04D00B26CF9 /* Musicologist */,
			);
		};
/* End PBXProject section */

/* Begin PBXResourcesBuildPhase section */
		1D4531E320B5C04D00B26CF9 /* Resources */ = {
			isa = PBXResourcesBuildPhase;
			buildActionMask = 2147483647;
			files = (
				1D4531FF20B5C1B900B26CF9 /* SearchViewController.xib in Resources */,
				1D4531F020B5C04F00B26CF9 /* Assets.xcassets in Resources */,
				1DA3C63B20B6A967000347DC /* SongCell.xib in Resources */,
			);
			runOnlyForDeploymentPostprocessing = 0;
		};
/* End PBXResourcesBuildPhase section */

/* Begin PBXShellScriptBuildPhase section */
		4CE98C323C9D2CE65B9BED94 /* [CP] Embed Pods Frameworks */ = {
			isa = PBXShellScriptBuildPhase;
			buildActionMask = 2147483647;
			files = (
			);
			inputPaths = (
				"${SRCROOT}/Pods/Target Support Files/Pods-Musicologist/Pods-Musicologist-frameworks.sh",
				"${BUILT_PRODUCTS_DIR}/ApiAI/ApiAI.framework",
				"${BUILT_PRODUCTS_DIR}/InstantSearchClient/InstantSearchClient.framework",
				"${BUILT_PRODUCTS_DIR}/Nuke/Nuke.framework",
			);
			name = "[CP] Embed Pods Frameworks";
			outputPaths = (
				"${TARGET_BUILD_DIR}/${FRAMEWORKS_FOLDER_PATH}/ApiAI.framework",
				"${TARGET_BUILD_DIR}/${FRAMEWORKS_FOLDER_PATH}/InstantSearchClient.framework",
				"${TARGET_BUILD_DIR}/${FRAMEWORKS_FOLDER_PATH}/Nuke.framework",
			);
			runOnlyForDeploymentPostprocessing = 0;
			shellPath = /bin/sh;
			shellScript = "\"${SRCROOT}/Pods/Target Support Files/Pods-Musicologist/Pods-Musicologist-frameworks.sh\"\n";
			showEnvVarsInLog = 0;
		};
		80B86510F36481C5380AC188 /* [CP] Check Pods Manifest.lock */ = {
			isa = PBXShellScriptBuildPhase;
			buildActionMask = 2147483647;
			files = (
			);
			inputPaths = (
				"${PODS_PODFILE_DIR_PATH}/Podfile.lock",
				"${PODS_ROOT}/Manifest.lock",
			);
			name = "[CP] Check Pods Manifest.lock";
			outputPaths = (
				"$(DERIVED_FILE_DIR)/Pods-Musicologist-checkManifestLockResult.txt",
			);
			runOnlyForDeploymentPostprocessing = 0;
			shellPath = /bin/sh;
			shellScript = "diff \"${PODS_PODFILE_DIR_PATH}/Podfile.lock\" \"${PODS_ROOT}/Manifest.lock\" > /dev/null\nif [ $? != 0 ] ; then\n    # print error to STDERR\n    echo \"error: The sandbox is not in sync with the Podfile.lock. Run 'pod install' or update your CocoaPods installation.\" >&2\n    exit 1\nfi\n# This output is used by Xcode 'outputs' to avoid re-running this script phase.\necho \"SUCCESS\" > \"${SCRIPT_OUTPUT_FILE_0}\"\n";
			showEnvVarsInLog = 0;
		};
/* End PBXShellScriptBuildPhase section */

/* Begin PBXSourcesBuildPhase section */
		1D4531E120B5C04D00B26CF9 /* Sources */ = {
			isa = PBXSourcesBuildPhase;
			buildActionMask = 2147483647;
			files = (
				1D4DB50720B5C66B00D0B41C /* RecordingButton.swift in Sources */,
				1D4DB50A20B5D59400D0B41C /* SpeechController.swift in Sources */,
				1DA3C63520B5F83D000347DC /* SearchResults.swift in Sources */,
				1DA3C63A20B6A967000347DC /* SongCell.swift in Sources */,
				1DA3C63720B5F9C4000347DC /* JSONHelper.swift in Sources */,
				1D4531FE20B5C1B900B26CF9 /* SearchViewController.swift in Sources */,
				1D4531E920B5C04D00B26CF9 /* AppDelegate.swift in Sources */,
			);
			runOnlyForDeploymentPostprocessing = 0;
		};
/* End PBXSourcesBuildPhase section */

/* Begin XCBuildConfiguration section */
		1D4531F520B5C04F00B26CF9 /* Debug */ = {
			isa = XCBuildConfiguration;
			buildSettings = {
				ALWAYS_SEARCH_USER_PATHS = NO;
				CLANG_ANALYZER_NONNULL = YES;
				CLANG_ANALYZER_NUMBER_OBJECT_CONVERSION = YES_AGGRESSIVE;
				CLANG_CXX_LANGUAGE_STANDARD = "gnu++14";
				CLANG_CXX_LIBRARY = "libc++";
				CLANG_ENABLE_MODULES = YES;
				CLANG_ENABLE_OBJC_ARC = YES;
				CLANG_ENABLE_OBJC_WEAK = YES;
				CLANG_WARN_BLOCK_CAPTURE_AUTORELEASING = YES;
				CLANG_WARN_BOOL_CONVERSION = YES;
				CLANG_WARN_COMMA = YES;
				CLANG_WARN_CONSTANT_CONVERSION = YES;
				CLANG_WARN_DEPRECATED_OBJC_IMPLEMENTATIONS = YES;
				CLANG_WARN_DIRECT_OBJC_ISA_USAGE = YES_ERROR;
				CLANG_WARN_DOCUMENTATION_COMMENTS = YES;
				CLANG_WARN_EMPTY_BODY = YES;
				CLANG_WARN_ENUM_CONVERSION = YES;
				CLANG_WARN_INFINITE_RECURSION = YES;
				CLANG_WARN_INT_CONVERSION = YES;
				CLANG_WARN_NON_LITERAL_NULL_CONVERSION = YES;
				CLANG_WARN_OBJC_IMPLICIT_RETAIN_SELF = YES;
				CLANG_WARN_OBJC_LITERAL_CONVERSION = YES;
				CLANG_WARN_OBJC_ROOT_CLASS = YES_ERROR;
				CLANG_WARN_RANGE_LOOP_ANALYSIS = YES;
				CLANG_WARN_STRICT_PROTOTYPES = YES;
				CLANG_WARN_SUSPICIOUS_MOVE = YES;
				CLANG_WARN_UNGUARDED_AVAILABILITY = YES_AGGRESSIVE;
				CLANG_WARN_UNREACHABLE_CODE = YES;
				CLANG_WARN__DUPLICATE_METHOD_MATCH = YES;
				CODE_SIGN_IDENTITY = "iPhone Developer";
				COPY_PHASE_STRIP = NO;
				DEBUG_INFORMATION_FORMAT = dwarf;
				ENABLE_STRICT_OBJC_MSGSEND = YES;
				ENABLE_TESTABILITY = YES;
				GCC_C_LANGUAGE_STANDARD = gnu11;
				GCC_DYNAMIC_NO_PIC = NO;
				GCC_NO_COMMON_BLOCKS = YES;
				GCC_OPTIMIZATION_LEVEL = 0;
				GCC_PREPROCESSOR_DEFINITIONS = (
					"DEBUG=1",
					"$(inherited)",
				);
				GCC_WARN_64_TO_32_BIT_CONVERSION = YES;
				GCC_WARN_ABOUT_RETURN_TYPE = YES_ERROR;
				GCC_WARN_UNDECLARED_SELECTOR = YES;
				GCC_WARN_UNINITIALIZED_AUTOS = YES_AGGRESSIVE;
				GCC_WARN_UNUSED_FUNCTION = YES;
				GCC_WARN_UNUSED_VARIABLE = YES;
				IPHONEOS_DEPLOYMENT_TARGET = 11.3;
				MTL_ENABLE_DEBUG_INFO = YES;
				ONLY_ACTIVE_ARCH = YES;
				SDKROOT = iphoneos;
				SWIFT_ACTIVE_COMPILATION_CONDITIONS = DEBUG;
				SWIFT_OPTIMIZATION_LEVEL = "-Onone";
			};
			name = Debug;
		};
		1D4531F620B5C04F00B26CF9 /* Release */ = {
			isa = XCBuildConfiguration;
			buildSettings = {
				ALWAYS_SEARCH_USER_PATHS = NO;
				CLANG_ANALYZER_NONNULL = YES;
				CLANG_ANALYZER_NUMBER_OBJECT_CONVERSION = YES_AGGRESSIVE;
				CLANG_CXX_LANGUAGE_STANDARD = "gnu++14";
				CLANG_CXX_LIBRARY = "libc++";
				CLANG_ENABLE_MODULES = YES;
				CLANG_ENABLE_OBJC_ARC = YES;
				CLANG_ENABLE_OBJC_WEAK = YES;
				CLANG_WARN_BLOCK_CAPTURE_AUTORELEASING = YES;
				CLANG_WARN_BOOL_CONVERSION = YES;
				CLANG_WARN_COMMA = YES;
				CLANG_WARN_CONSTANT_CONVERSION = YES;
				CLANG_WARN_DEPRECATED_OBJC_IMPLEMENTATIONS = YES;
				CLANG_WARN_DIRECT_OBJC_ISA_USAGE = YES_ERROR;
				CLANG_WARN_DOCUMENTATION_COMMENTS = YES;
				CLANG_WARN_EMPTY_BODY = YES;
				CLANG_WARN_ENUM_CONVERSION = YES;
				CLANG_WARN_INFINITE_RECURSION = YES;
				CLANG_WARN_INT_CONVERSION = YES;
				CLANG_WARN_NON_LITERAL_NULL_CONVERSION = YES;
				CLANG_WARN_OBJC_IMPLICIT_RETAIN_SELF = YES;
				CLANG_WARN_OBJC_LITERAL_CONVERSION = YES;
				CLANG_WARN_OBJC_ROOT_CLASS = YES_ERROR;
				CLANG_WARN_RANGE_LOOP_ANALYSIS = YES;
				CLANG_WARN_STRICT_PROTOTYPES = YES;
				CLANG_WARN_SUSPICIOUS_MOVE = YES;
				CLANG_WARN_UNGUARDED_AVAILABILITY = YES_AGGRESSIVE;
				CLANG_WARN_UNREACHABLE_CODE = YES;
				CLANG_WARN__DUPLICATE_METHOD_MATCH = YES;
				CODE_SIGN_IDENTITY = "iPhone Developer";
				COPY_PHASE_STRIP = NO;
				DEBUG_INFORMATION_FORMAT = "dwarf-with-dsym";
				ENABLE_NS_ASSERTIONS = NO;
				ENABLE_STRICT_OBJC_MSGSEND = YES;
				GCC_C_LANGUAGE_STANDARD = gnu11;
				GCC_NO_COMMON_BLOCKS = YES;
				GCC_WARN_64_TO_32_BIT_CONVERSION = YES;
				GCC_WARN_ABOUT_RETURN_TYPE = YES_ERROR;
				GCC_WARN_UNDECLARED_SELECTOR = YES;
				GCC_WARN_UNINITIALIZED_AUTOS = YES_AGGRESSIVE;
				GCC_WARN_UNUSED_FUNCTION = YES;
				GCC_WARN_UNUSED_VARIABLE = YES;
				IPHONEOS_DEPLOYMENT_TARGET = 11.3;
				MTL_ENABLE_DEBUG_INFO = NO;
				SDKROOT = iphoneos;
				SWIFT_COMPILATION_MODE = wholemodule;
				SWIFT_OPTIMIZATION_LEVEL = "-O";
				VALIDATE_PRODUCT = YES;
			};
			name = Release;
		};
		1D4531F820B5C04F00B26CF9 /* Debug */ = {
			isa = XCBuildConfiguration;
			baseConfigurationReference = 6D7F583B9467525AE0246E2F /* Pods-Musicologist.debug.xcconfig */;
			buildSettings = {
				ASSETCATALOG_COMPILER_APPICON_NAME = AppIcon;
				CODE_SIGN_STYLE = Automatic;
				DEVELOPMENT_TEAM = 5RDFJYUV23;
				INFOPLIST_FILE = Musicologist/Info.plist;
				LD_RUNPATH_SEARCH_PATHS = (
					"$(inherited)",
					"@executable_path/Frameworks",
				);
				PRODUCT_BUNDLE_IDENTIFIER = com.algolia.InstantSearch.Musicologist;
				PRODUCT_NAME = "$(TARGET_NAME)";
				SWIFT_VERSION = 4.0;
				TARGETED_DEVICE_FAMILY = 1;
			};
			name = Debug;
		};
		1D4531F920B5C04F00B26CF9 /* Release */ = {
			isa = XCBuildConfiguration;
			baseConfigurationReference = C788E5C1BCFA8BA16D04EB2D /* Pods-Musicologist.release.xcconfig */;
			buildSettings = {
				ASSETCATALOG_COMPILER_APPICON_NAME = AppIcon;
				CODE_SIGN_STYLE = Automatic;
				DEVELOPMENT_TEAM = 5RDFJYUV23;
				INFOPLIST_FILE = Musicologist/Info.plist;
				LD_RUNPATH_SEARCH_PATHS = (
					"$(inherited)",
					"@executable_path/Frameworks",
				);
				PRODUCT_BUNDLE_IDENTIFIER = com.algolia.InstantSearch.Musicologist;
				PRODUCT_NAME = "$(TARGET_NAME)";
				SWIFT_VERSION = 4.0;
				TARGETED_DEVICE_FAMILY = 1;
			};
			name = Release;
		};
/* End XCBuildConfiguration section */

/* Begin XCConfigurationList section */
		1D4531E020B5C04D00B26CF9 /* Build configuration list for PBXProject "Musicologist" */ = {
			isa = XCConfigurationList;
			buildConfigurations = (
				1D4531F520B5C04F00B26CF9 /* Debug */,
				1D4531F620B5C04F00B26CF9 /* Release */,
			);
			defaultConfigurationIsVisible = 0;
			defaultConfigurationName = Release;
		};
		1D4531F720B5C04F00B26CF9 /* Build configuration list for PBXNativeTarget "Musicologist" */ = {
			isa = XCConfigurationList;
			buildConfigurations = (
				1D4531F820B5C04F00B26CF9 /* Debug */,
				1D4531F920B5C04F00B26CF9 /* Release */,
			);
			defaultConfigurationIsVisible = 0;
			defaultConfigurationName = Release;
		};
/* End XCConfigurationList section */
	};
	rootObject = 1D4531DD20B5C04D00B26CF9 /* Project object */;
}
